// !$*UTF8*$!
{
	archiveVersion = 1;
	classes = {
	};
	objectVersion = 55;
	objects = {

/* Begin PBXBuildFile section */
		8554C88027D637FE00DB8E3E /* CPP-Wrapper.mm in Sources */ = {isa = PBXBuildFile; fileRef = 8554C87F27D637FE00DB8E3E /* CPP-Wrapper.mm */; };
		85644AFF27D197DF00E72680 /* TaskCard.swift in Sources */ = {isa = PBXBuildFile; fileRef = 85644AFE27D197DF00E72680 /* TaskCard.swift */; };
		8596C90E27CF9CB50016B830 /* taskedApp.swift in Sources */ = {isa = PBXBuildFile; fileRef = 8596C90D27CF9CB50016B830 /* taskedApp.swift */; };
		8596C91027CF9CB50016B830 /* ContentView.swift in Sources */ = {isa = PBXBuildFile; fileRef = 8596C90F27CF9CB50016B830 /* ContentView.swift */; };
		8596C91227CF9CBD0016B830 /* Assets.xcassets in Resources */ = {isa = PBXBuildFile; fileRef = 8596C91127CF9CBD0016B830 /* Assets.xcassets */; };
		8596C91527CF9CBD0016B830 /* Preview Assets.xcassets in Resources */ = {isa = PBXBuildFile; fileRef = 8596C91427CF9CBD0016B830 /* Preview Assets.xcassets */; };
		8596C91F27CF9CBD0016B830 /* taskedTests.swift in Sources */ = {isa = PBXBuildFile; fileRef = 8596C91E27CF9CBD0016B830 /* taskedTests.swift */; };
		8596C92927CF9CBD0016B830 /* taskedUITests.swift in Sources */ = {isa = PBXBuildFile; fileRef = 8596C92827CF9CBD0016B830 /* taskedUITests.swift */; };
		8596C92B27CF9CBD0016B830 /* taskedUITestsLaunchTests.swift in Sources */ = {isa = PBXBuildFile; fileRef = 8596C92A27CF9CBD0016B830 /* taskedUITestsLaunchTests.swift */; };
		8596C93827CFAD6A0016B830 /* Task.swift in Sources */ = {isa = PBXBuildFile; fileRef = 8596C93727CFAD6A0016B830 /* Task.swift */; };
		85CCA78A27D5A0D600B3D18F /* ChipButtonStyle.swift in Sources */ = {isa = PBXBuildFile; fileRef = 85CCA78927D5A0D600B3D18F /* ChipButtonStyle.swift */; };
		85CCA78C27D603B300B3D18F /* DeleteView.swift in Sources */ = {isa = PBXBuildFile; fileRef = 85CCA78B27D603B300B3D18F /* DeleteView.swift */; };
		85CCA78E27D6291700B3D18F /* Colors.swift in Sources */ = {isa = PBXBuildFile; fileRef = 85CCA78D27D6291700B3D18F /* Colors.swift */; };
		85CCA79327D62D6100B3D18F /* daily_quote.cpp in Sources */ = {isa = PBXBuildFile; fileRef = 85CCA79027D62D6100B3D18F /* daily_quote.cpp */; };
		85D0AAD127D2136600F4FB4E /* Chip.swift in Sources */ = {isa = PBXBuildFile; fileRef = 85D0AAD027D2136600F4FB4E /* Chip.swift */; };
		85EAC94C27D43BA100502A5D /* TaskStore.swift in Sources */ = {isa = PBXBuildFile; fileRef = 85EAC94B27D43BA100502A5D /* TaskStore.swift */; };
		85EAC94E27D43F3E00502A5D /* ModalView.swift in Sources */ = {isa = PBXBuildFile; fileRef = 85EAC94D27D43F3E00502A5D /* ModalView.swift */; };
/* End PBXBuildFile section */

/* Begin PBXContainerItemProxy section */
		8596C91B27CF9CBD0016B830 /* PBXContainerItemProxy */ = {
			isa = PBXContainerItemProxy;
			containerPortal = 8596C90227CF9CB50016B830 /* Project object */;
			proxyType = 1;
			remoteGlobalIDString = 8596C90927CF9CB50016B830;
			remoteInfo = tasked;
		};
		8596C92527CF9CBD0016B830 /* PBXContainerItemProxy */ = {
			isa = PBXContainerItemProxy;
			containerPortal = 8596C90227CF9CB50016B830 /* Project object */;
			proxyType = 1;
			remoteGlobalIDString = 8596C90927CF9CB50016B830;
			remoteInfo = tasked;
		};
/* End PBXContainerItemProxy section */

/* Begin PBXFileReference section */
		8554C87E27D6377500DB8E3E /* CPP-Wrapper.h */ = {isa = PBXFileReference; lastKnownFileType = sourcecode.c.h; path = "CPP-Wrapper.h"; sourceTree = "<group>"; };
		8554C87F27D637FE00DB8E3E /* CPP-Wrapper.mm */ = {isa = PBXFileReference; lastKnownFileType = sourcecode.cpp.objcpp; path = "CPP-Wrapper.mm"; sourceTree = "<group>"; };
		8554C88327D63EBC00DB8E3E /* tasked-Bridging-Header.h */ = {isa = PBXFileReference; lastKnownFileType = sourcecode.c.h; name = "tasked-Bridging-Header.h"; path = "tasked/tasked-Bridging-Header.h"; sourceTree = SOURCE_ROOT; };
		85644AFE27D197DF00E72680 /* TaskCard.swift */ = {isa = PBXFileReference; lastKnownFileType = sourcecode.swift; path = TaskCard.swift; sourceTree = "<group>"; };
		8596C90A27CF9CB50016B830 /* tasked.app */ = {isa = PBXFileReference; explicitFileType = wrapper.application; includeInIndex = 0; path = tasked.app; sourceTree = BUILT_PRODUCTS_DIR; };
		8596C90D27CF9CB50016B830 /* taskedApp.swift */ = {isa = PBXFileReference; lastKnownFileType = sourcecode.swift; path = taskedApp.swift; sourceTree = "<group>"; };
		8596C90F27CF9CB50016B830 /* ContentView.swift */ = {isa = PBXFileReference; lastKnownFileType = sourcecode.swift; path = ContentView.swift; sourceTree = "<group>"; };
		8596C91127CF9CBD0016B830 /* Assets.xcassets */ = {isa = PBXFileReference; lastKnownFileType = folder.assetcatalog; path = Assets.xcassets; sourceTree = "<group>"; };
		8596C91427CF9CBD0016B830 /* Preview Assets.xcassets */ = {isa = PBXFileReference; lastKnownFileType = folder.assetcatalog; path = "Preview Assets.xcassets"; sourceTree = "<group>"; };
		8596C91A27CF9CBD0016B830 /* taskedTests.xctest */ = {isa = PBXFileReference; explicitFileType = wrapper.cfbundle; includeInIndex = 0; path = taskedTests.xctest; sourceTree = BUILT_PRODUCTS_DIR; };
		8596C91E27CF9CBD0016B830 /* taskedTests.swift */ = {isa = PBXFileReference; lastKnownFileType = sourcecode.swift; path = taskedTests.swift; sourceTree = "<group>"; };
		8596C92427CF9CBD0016B830 /* taskedUITests.xctest */ = {isa = PBXFileReference; explicitFileType = wrapper.cfbundle; includeInIndex = 0; path = taskedUITests.xctest; sourceTree = BUILT_PRODUCTS_DIR; };
		8596C92827CF9CBD0016B830 /* taskedUITests.swift */ = {isa = PBXFileReference; lastKnownFileType = sourcecode.swift; path = taskedUITests.swift; sourceTree = "<group>"; };
		8596C92A27CF9CBD0016B830 /* taskedUITestsLaunchTests.swift */ = {isa = PBXFileReference; lastKnownFileType = sourcecode.swift; path = taskedUITestsLaunchTests.swift; sourceTree = "<group>"; };
		8596C93727CFAD6A0016B830 /* Task.swift */ = {isa = PBXFileReference; lastKnownFileType = sourcecode.swift; path = Task.swift; sourceTree = "<group>"; };
		85CCA78927D5A0D600B3D18F /* ChipButtonStyle.swift */ = {isa = PBXFileReference; lastKnownFileType = sourcecode.swift; path = ChipButtonStyle.swift; sourceTree = "<group>"; };
		85CCA78B27D603B300B3D18F /* DeleteView.swift */ = {isa = PBXFileReference; lastKnownFileType = sourcecode.swift; path = DeleteView.swift; sourceTree = "<group>"; };
		85CCA78D27D6291700B3D18F /* Colors.swift */ = {isa = PBXFileReference; lastKnownFileType = sourcecode.swift; path = Colors.swift; sourceTree = "<group>"; };
		85CCA79027D62D6100B3D18F /* daily_quote.cpp */ = {isa = PBXFileReference; fileEncoding = 4; lastKnownFileType = sourcecode.cpp.cpp; path = daily_quote.cpp; sourceTree = "<group>"; };
		85CCA79127D62D6100B3D18F /* daily_quote.hpp */ = {isa = PBXFileReference; fileEncoding = 4; lastKnownFileType = sourcecode.cpp.h; path = daily_quote.hpp; sourceTree = "<group>"; };
		85D0AAD027D2136600F4FB4E /* Chip.swift */ = {isa = PBXFileReference; lastKnownFileType = sourcecode.swift; path = Chip.swift; sourceTree = "<group>"; };
		85EAC94B27D43BA100502A5D /* TaskStore.swift */ = {isa = PBXFileReference; lastKnownFileType = sourcecode.swift; path = TaskStore.swift; sourceTree = "<group>"; };
		85EAC94D27D43F3E00502A5D /* ModalView.swift */ = {isa = PBXFileReference; lastKnownFileType = sourcecode.swift; path = ModalView.swift; sourceTree = "<group>"; };
/* End PBXFileReference section */

/* Begin PBXFrameworksBuildPhase section */
		8596C90727CF9CB50016B830 /* Frameworks */ = {
			isa = PBXFrameworksBuildPhase;
			buildActionMask = 2147483647;
			files = (
			);
			runOnlyForDeploymentPostprocessing = 0;
		};
		8596C91727CF9CBD0016B830 /* Frameworks */ = {
			isa = PBXFrameworksBuildPhase;
			buildActionMask = 2147483647;
			files = (
			);
			runOnlyForDeploymentPostprocessing = 0;
		};
		8596C92127CF9CBD0016B830 /* Frameworks */ = {
			isa = PBXFrameworksBuildPhase;
			buildActionMask = 2147483647;
			files = (
			);
			runOnlyForDeploymentPostprocessing = 0;
		};
/* End PBXFrameworksBuildPhase section */

/* Begin PBXGroup section */
		8596C90127CF9CB50016B830 = {
			isa = PBXGroup;
			children = (
				8596C90C27CF9CB50016B830 /* tasked */,
				8596C91D27CF9CBD0016B830 /* taskedTests */,
				8596C92727CF9CBD0016B830 /* taskedUITests */,
				8596C90B27CF9CB50016B830 /* Products */,
			);
			sourceTree = "<group>";
		};
		8596C90B27CF9CB50016B830 /* Products */ = {
			isa = PBXGroup;
			children = (
				8596C90A27CF9CB50016B830 /* tasked.app */,
				8596C91A27CF9CBD0016B830 /* taskedTests.xctest */,
				8596C92427CF9CBD0016B830 /* taskedUITests.xctest */,
			);
			name = Products;
			sourceTree = "<group>";
		};
		8596C90C27CF9CB50016B830 /* tasked */ = {
			isa = PBXGroup;
			children = (
				8596C90D27CF9CB50016B830 /* taskedApp.swift */,
				8596C90F27CF9CB50016B830 /* ContentView.swift */,
				8554C88327D63EBC00DB8E3E /* tasked-Bridging-Header.h */,
				85CCA79027D62D6100B3D18F /* daily_quote.cpp */,
				85CCA79127D62D6100B3D18F /* daily_quote.hpp */,
				8554C87E27D6377500DB8E3E /* CPP-Wrapper.h */,
				8554C87F27D637FE00DB8E3E /* CPP-Wrapper.mm */,
				85CCA79527D62D7D00B3D18F /* DailyQuote */,
				85D0AAD027D2136600F4FB4E /* Chip.swift */,
				85CCA78927D5A0D600B3D18F /* ChipButtonStyle.swift */,
				85CCA78D27D6291700B3D18F /* Colors.swift */,
				8596C93727CFAD6A0016B830 /* Task.swift */,
				85644AFE27D197DF00E72680 /* TaskCard.swift */,
				85EAC94B27D43BA100502A5D /* TaskStore.swift */,
				85EAC94D27D43F3E00502A5D /* ModalView.swift */,
				85CCA78B27D603B300B3D18F /* DeleteView.swift */,
				8596C91127CF9CBD0016B830 /* Assets.xcassets */,
				8596C91327CF9CBD0016B830 /* Preview Content */,
			);
			path = tasked;
			sourceTree = "<group>";
		};
		8596C91327CF9CBD0016B830 /* Preview Content */ = {
			isa = PBXGroup;
			children = (
				8596C91427CF9CBD0016B830 /* Preview Assets.xcassets */,
			);
			path = "Preview Content";
			sourceTree = "<group>";
		};
		8596C91D27CF9CBD0016B830 /* taskedTests */ = {
			isa = PBXGroup;
			children = (
				8596C91E27CF9CBD0016B830 /* taskedTests.swift */,
			);
			path = taskedTests;
			sourceTree = "<group>";
		};
		8596C92727CF9CBD0016B830 /* taskedUITests */ = {
			isa = PBXGroup;
			children = (
				8596C92827CF9CBD0016B830 /* taskedUITests.swift */,
				8596C92A27CF9CBD0016B830 /* taskedUITestsLaunchTests.swift */,
			);
			path = taskedUITests;
			sourceTree = "<group>";
		};
		85CCA79527D62D7D00B3D18F /* DailyQuote */ = {
			isa = PBXGroup;
			children = (
			);
			path = DailyQuote;
			sourceTree = "<group>";
		};
/* End PBXGroup section */

/* Begin PBXNativeTarget section */
		8596C90927CF9CB50016B830 /* tasked */ = {
			isa = PBXNativeTarget;
			buildConfigurationList = 8596C92E27CF9CBD0016B830 /* Build configuration list for PBXNativeTarget "tasked" */;
			buildPhases = (
				8596C90627CF9CB50016B830 /* Sources */,
				8596C90727CF9CB50016B830 /* Frameworks */,
				8596C90827CF9CB50016B830 /* Resources */,
			);
			buildRules = (
			);
			dependencies = (
			);
			name = tasked;
			productName = tasked;
			productReference = 8596C90A27CF9CB50016B830 /* tasked.app */;
			productType = "com.apple.product-type.application";
		};
		8596C91927CF9CBD0016B830 /* taskedTests */ = {
			isa = PBXNativeTarget;
			buildConfigurationList = 8596C93127CF9CBD0016B830 /* Build configuration list for PBXNativeTarget "taskedTests" */;
			buildPhases = (
				8596C91627CF9CBD0016B830 /* Sources */,
				8596C91727CF9CBD0016B830 /* Frameworks */,
				8596C91827CF9CBD0016B830 /* Resources */,
			);
			buildRules = (
			);
			dependencies = (
				8596C91C27CF9CBD0016B830 /* PBXTargetDependency */,
			);
			name = taskedTests;
			productName = taskedTests;
			productReference = 8596C91A27CF9CBD0016B830 /* taskedTests.xctest */;
			productType = "com.apple.product-type.bundle.unit-test";
		};
		8596C92327CF9CBD0016B830 /* taskedUITests */ = {
			isa = PBXNativeTarget;
			buildConfigurationList = 8596C93427CF9CBD0016B830 /* Build configuration list for PBXNativeTarget "taskedUITests" */;
			buildPhases = (
				8596C92027CF9CBD0016B830 /* Sources */,
				8596C92127CF9CBD0016B830 /* Frameworks */,
				8596C92227CF9CBD0016B830 /* Resources */,
			);
			buildRules = (
			);
			dependencies = (
				8596C92627CF9CBD0016B830 /* PBXTargetDependency */,
			);
			name = taskedUITests;
			productName = taskedUITests;
			productReference = 8596C92427CF9CBD0016B830 /* taskedUITests.xctest */;
			productType = "com.apple.product-type.bundle.ui-testing";
		};
/* End PBXNativeTarget section */

/* Begin PBXProject section */
		8596C90227CF9CB50016B830 /* Project object */ = {
			isa = PBXProject;
			attributes = {
				BuildIndependentTargetsInParallel = 1;
				LastSwiftUpdateCheck = 1320;
				LastUpgradeCheck = 1320;
				TargetAttributes = {
					8596C90927CF9CB50016B830 = {
						CreatedOnToolsVersion = 13.2.1;
						LastSwiftMigration = 1320;
					};
					8596C91927CF9CBD0016B830 = {
						CreatedOnToolsVersion = 13.2.1;
						TestTargetID = 8596C90927CF9CB50016B830;
					};
					8596C92327CF9CBD0016B830 = {
						CreatedOnToolsVersion = 13.2.1;
						TestTargetID = 8596C90927CF9CB50016B830;
					};
				};
			};
			buildConfigurationList = 8596C90527CF9CB50016B830 /* Build configuration list for PBXProject "tasked-Bridging-Header.h" */;
			compatibilityVersion = "Xcode 13.0";
			developmentRegion = en;
			hasScannedForEncodings = 0;
			knownRegions = (
				en,
				Base,
			);
			mainGroup = 8596C90127CF9CB50016B830;
			productRefGroup = 8596C90B27CF9CB50016B830 /* Products */;
			projectDirPath = "";
			projectRoot = "";
			targets = (
				8596C90927CF9CB50016B830 /* tasked */,
				8596C91927CF9CBD0016B830 /* taskedTests */,
				8596C92327CF9CBD0016B830 /* taskedUITests */,
			);
		};
/* End PBXProject section */

/* Begin PBXResourcesBuildPhase section */
		8596C90827CF9CB50016B830 /* Resources */ = {
			isa = PBXResourcesBuildPhase;
			buildActionMask = 2147483647;
			files = (
				8596C91527CF9CBD0016B830 /* Preview Assets.xcassets in Resources */,
				8596C91227CF9CBD0016B830 /* Assets.xcassets in Resources */,
			);
			runOnlyForDeploymentPostprocessing = 0;
		};
		8596C91827CF9CBD0016B830 /* Resources */ = {
			isa = PBXResourcesBuildPhase;
			buildActionMask = 2147483647;
			files = (
			);
			runOnlyForDeploymentPostprocessing = 0;
		};
		8596C92227CF9CBD0016B830 /* Resources */ = {
			isa = PBXResourcesBuildPhase;
			buildActionMask = 2147483647;
			files = (
			);
			runOnlyForDeploymentPostprocessing = 0;
		};
/* End PBXResourcesBuildPhase section */

/* Begin PBXSourcesBuildPhase section */
		8596C90627CF9CB50016B830 /* Sources */ = {
			isa = PBXSourcesBuildPhase;
			buildActionMask = 2147483647;
			files = (
				85CCA78C27D603B300B3D18F /* DeleteView.swift in Sources */,
				85CCA78E27D6291700B3D18F /* Colors.swift in Sources */,
				85CCA79327D62D6100B3D18F /* daily_quote.cpp in Sources */,
				8596C91027CF9CB50016B830 /* ContentView.swift in Sources */,
				85CCA78A27D5A0D600B3D18F /* ChipButtonStyle.swift in Sources */,
				85EAC94E27D43F3E00502A5D /* ModalView.swift in Sources */,
				8596C93827CFAD6A0016B830 /* Task.swift in Sources */,
				85EAC94C27D43BA100502A5D /* TaskStore.swift in Sources */,
				85644AFF27D197DF00E72680 /* TaskCard.swift in Sources */,
				85D0AAD127D2136600F4FB4E /* Chip.swift in Sources */,
				8596C90E27CF9CB50016B830 /* taskedApp.swift in Sources */,
				8554C88027D637FE00DB8E3E /* CPP-Wrapper.mm in Sources */,
			);
			runOnlyForDeploymentPostprocessing = 0;
		};
		8596C91627CF9CBD0016B830 /* Sources */ = {
			isa = PBXSourcesBuildPhase;
			buildActionMask = 2147483647;
			files = (
				8596C91F27CF9CBD0016B830 /* taskedTests.swift in Sources */,
			);
			runOnlyForDeploymentPostprocessing = 0;
		};
		8596C92027CF9CBD0016B830 /* Sources */ = {
			isa = PBXSourcesBuildPhase;
			buildActionMask = 2147483647;
			files = (
				8596C92B27CF9CBD0016B830 /* taskedUITestsLaunchTests.swift in Sources */,
				8596C92927CF9CBD0016B830 /* taskedUITests.swift in Sources */,
			);
			runOnlyForDeploymentPostprocessing = 0;
		};
/* End PBXSourcesBuildPhase section */

/* Begin PBXTargetDependency section */
		8596C91C27CF9CBD0016B830 /* PBXTargetDependency */ = {
			isa = PBXTargetDependency;
			target = 8596C90927CF9CB50016B830 /* tasked */;
			targetProxy = 8596C91B27CF9CBD0016B830 /* PBXContainerItemProxy */;
		};
		8596C92627CF9CBD0016B830 /* PBXTargetDependency */ = {
			isa = PBXTargetDependency;
			target = 8596C90927CF9CB50016B830 /* tasked */;
			targetProxy = 8596C92527CF9CBD0016B830 /* PBXContainerItemProxy */;
		};
/* End PBXTargetDependency section */

/* Begin XCBuildConfiguration section */
		8596C92C27CF9CBD0016B830 /* Debug */ = {
			isa = XCBuildConfiguration;
			buildSettings = {
				ALWAYS_SEARCH_USER_PATHS = NO;
				CLANG_ANALYZER_NONNULL = YES;
				CLANG_ANALYZER_NUMBER_OBJECT_CONVERSION = YES_AGGRESSIVE;
				CLANG_CXX_LANGUAGE_STANDARD = "gnu++17";
				CLANG_CXX_LIBRARY = "libc++";
				CLANG_ENABLE_MODULES = YES;
				CLANG_ENABLE_OBJC_ARC = YES;
				CLANG_ENABLE_OBJC_WEAK = YES;
				CLANG_WARN_BLOCK_CAPTURE_AUTORELEASING = YES;
				CLANG_WARN_BOOL_CONVERSION = YES;
				CLANG_WARN_COMMA = YES;
				CLANG_WARN_CONSTANT_CONVERSION = YES;
				CLANG_WARN_DEPRECATED_OBJC_IMPLEMENTATIONS = YES;
				CLANG_WARN_DIRECT_OBJC_ISA_USAGE = YES_ERROR;
				CLANG_WARN_DOCUMENTATION_COMMENTS = YES;
				CLANG_WARN_EMPTY_BODY = YES;
				CLANG_WARN_ENUM_CONVERSION = YES;
				CLANG_WARN_INFINITE_RECURSION = YES;
				CLANG_WARN_INT_CONVERSION = YES;
				CLANG_WARN_NON_LITERAL_NULL_CONVERSION = YES;
				CLANG_WARN_OBJC_IMPLICIT_RETAIN_SELF = YES;
				CLANG_WARN_OBJC_LITERAL_CONVERSION = YES;
				CLANG_WARN_OBJC_ROOT_CLASS = YES_ERROR;
				CLANG_WARN_QUOTED_INCLUDE_IN_FRAMEWORK_HEADER = YES;
				CLANG_WARN_RANGE_LOOP_ANALYSIS = YES;
				CLANG_WARN_STRICT_PROTOTYPES = YES;
				CLANG_WARN_SUSPICIOUS_MOVE = YES;
				CLANG_WARN_UNGUARDED_AVAILABILITY = YES_AGGRESSIVE;
				CLANG_WARN_UNREACHABLE_CODE = YES;
				CLANG_WARN__DUPLICATE_METHOD_MATCH = YES;
				COPY_PHASE_STRIP = NO;
				DEBUG_INFORMATION_FORMAT = dwarf;
				ENABLE_STRICT_OBJC_MSGSEND = YES;
				ENABLE_TESTABILITY = YES;
				GCC_C_LANGUAGE_STANDARD = gnu11;
				GCC_DYNAMIC_NO_PIC = NO;
				GCC_NO_COMMON_BLOCKS = YES;
				GCC_OPTIMIZATION_LEVEL = 0;
				GCC_PREPROCESSOR_DEFINITIONS = (
					"DEBUG=1",
					"$(inherited)",
				);
				GCC_WARN_64_TO_32_BIT_CONVERSION = YES;
				GCC_WARN_ABOUT_RETURN_TYPE = YES_ERROR;
				GCC_WARN_UNDECLARED_SELECTOR = YES;
				GCC_WARN_UNINITIALIZED_AUTOS = YES_AGGRESSIVE;
				GCC_WARN_UNUSED_FUNCTION = YES;
				GCC_WARN_UNUSED_VARIABLE = YES;
				IPHONEOS_DEPLOYMENT_TARGET = 15.2;
				MTL_ENABLE_DEBUG_INFO = INCLUDE_SOURCE;
				MTL_FAST_MATH = YES;
				ONLY_ACTIVE_ARCH = YES;
				SDKROOT = iphoneos;
				SWIFT_ACTIVE_COMPILATION_CONDITIONS = DEBUG;
				SWIFT_OPTIMIZATION_LEVEL = "-Onone";
			};
			name = Debug;
		};
		8596C92D27CF9CBD0016B830 /* Release */ = {
			isa = XCBuildConfiguration;
			buildSettings = {
				ALWAYS_SEARCH_USER_PATHS = NO;
				CLANG_ANALYZER_NONNULL = YES;
				CLANG_ANALYZER_NUMBER_OBJECT_CONVERSION = YES_AGGRESSIVE;
				CLANG_CXX_LANGUAGE_STANDARD = "gnu++17";
				CLANG_CXX_LIBRARY = "libc++";
				CLANG_ENABLE_MODULES = YES;
				CLANG_ENABLE_OBJC_ARC = YES;
				CLANG_ENABLE_OBJC_WEAK = YES;
				CLANG_WARN_BLOCK_CAPTURE_AUTORELEASING = YES;
				CLANG_WARN_BOOL_CONVERSION = YES;
				CLANG_WARN_COMMA = YES;
				CLANG_WARN_CONSTANT_CONVERSION = YES;
				CLANG_WARN_DEPRECATED_OBJC_IMPLEMENTATIONS = YES;
				CLANG_WARN_DIRECT_OBJC_ISA_USAGE = YES_ERROR;
				CLANG_WARN_DOCUMENTATION_COMMENTS = YES;
				CLANG_WARN_EMPTY_BODY = YES;
				CLANG_WARN_ENUM_CONVERSION = YES;
				CLANG_WARN_INFINITE_RECURSION = YES;
				CLANG_WARN_INT_CONVERSION = YES;
				CLANG_WARN_NON_LITERAL_NULL_CONVERSION = YES;
				CLANG_WARN_OBJC_IMPLICIT_RETAIN_SELF = YES;
				CLANG_WARN_OBJC_LITERAL_CONVERSION = YES;
				CLANG_WARN_OBJC_ROOT_CLASS = YES_ERROR;
				CLANG_WARN_QUOTED_INCLUDE_IN_FRAMEWORK_HEADER = YES;
				CLANG_WARN_RANGE_LOOP_ANALYSIS = YES;
				CLANG_WARN_STRICT_PROTOTYPES = YES;
				CLANG_WARN_SUSPICIOUS_MOVE = YES;
				CLANG_WARN_UNGUARDED_AVAILABILITY = YES_AGGRESSIVE;
				CLANG_WARN_UNREACHABLE_CODE = YES;
				CLANG_WARN__DUPLICATE_METHOD_MATCH = YES;
				COPY_PHASE_STRIP = NO;
				DEBUG_INFORMATION_FORMAT = "dwarf-with-dsym";
				ENABLE_NS_ASSERTIONS = NO;
				ENABLE_STRICT_OBJC_MSGSEND = YES;
				GCC_C_LANGUAGE_STANDARD = gnu11;
				GCC_NO_COMMON_BLOCKS = YES;
				GCC_WARN_64_TO_32_BIT_CONVERSION = YES;
				GCC_WARN_ABOUT_RETURN_TYPE = YES_ERROR;
				GCC_WARN_UNDECLARED_SELECTOR = YES;
				GCC_WARN_UNINITIALIZED_AUTOS = YES_AGGRESSIVE;
				GCC_WARN_UNUSED_FUNCTION = YES;
				GCC_WARN_UNUSED_VARIABLE = YES;
				IPHONEOS_DEPLOYMENT_TARGET = 15.2;
				MTL_ENABLE_DEBUG_INFO = NO;
				MTL_FAST_MATH = YES;
				SDKROOT = iphoneos;
				SWIFT_COMPILATION_MODE = wholemodule;
				SWIFT_OPTIMIZATION_LEVEL = "-O";
				VALIDATE_PRODUCT = YES;
			};
			name = Release;
		};
		8596C92F27CF9CBD0016B830 /* Debug */ = {
			isa = XCBuildConfiguration;
			buildSettings = {
				ASSETCATALOG_COMPILER_APPICON_NAME = AppIcon;
				ASSETCATALOG_COMPILER_GLOBAL_ACCENT_COLOR_NAME = AccentColor;
				CLANG_ENABLE_MODULES = YES;
				CODE_SIGN_STYLE = Automatic;
				CURRENT_PROJECT_VERSION = 1;
				DEVELOPMENT_ASSET_PATHS = "\"tasked/Preview Content\"";
				ENABLE_PREVIEWS = YES;
				GENERATE_INFOPLIST_FILE = YES;
				INFOPLIST_KEY_UIApplicationSceneManifest_Generation = YES;
				INFOPLIST_KEY_UIApplicationSupportsIndirectInputEvents = YES;
				INFOPLIST_KEY_UILaunchScreen_Generation = YES;
				INFOPLIST_KEY_UISupportedInterfaceOrientations_iPad = "UIInterfaceOrientationPortrait UIInterfaceOrientationPortraitUpsideDown UIInterfaceOrientationLandscapeLeft UIInterfaceOrientationLandscapeRight";
				INFOPLIST_KEY_UISupportedInterfaceOrientations_iPhone = "UIInterfaceOrientationPortrait UIInterfaceOrientationLandscapeLeft UIInterfaceOrientationLandscapeRight";
				LD_RUNPATH_SEARCH_PATHS = (
					"$(inherited)",
					"@executable_path/Frameworks",
				);
				MARKETING_VERSION = 1.0;
				PRODUCT_BUNDLE_IDENTIFIER = "-.tasked";
				PRODUCT_NAME = "$(TARGET_NAME)";
				SWIFT_EMIT_LOC_STRINGS = YES;
				SWIFT_OBJC_BRIDGING_HEADER = "tasked/tasked-Bridging-Header.h";
				SWIFT_OPTIMIZATION_LEVEL = "-Onone";
				SWIFT_VERSION = 5.0;
				TARGETED_DEVICE_FAMILY = "1,2";
			};
			name = Debug;
		};
		8596C93027CF9CBD0016B830 /* Release */ = {
			isa = XCBuildConfiguration;
			buildSettings = {
				ASSETCATALOG_COMPILER_APPICON_NAME = AppIcon;
				ASSETCATALOG_COMPILER_GLOBAL_ACCENT_COLOR_NAME = AccentColor;
				CLANG_ENABLE_MODULES = YES;
				CODE_SIGN_STYLE = Automatic;
				CURRENT_PROJECT_VERSION = 1;
				DEVELOPMENT_ASSET_PATHS = "\"tasked/Preview Content\"";
				ENABLE_PREVIEWS = YES;
				GENERATE_INFOPLIST_FILE = YES;
				INFOPLIST_KEY_UIApplicationSceneManifest_Generation = YES;
				INFOPLIST_KEY_UIApplicationSupportsIndirectInputEvents = YES;
				INFOPLIST_KEY_UILaunchScreen_Generation = YES;
				INFOPLIST_KEY_UISupportedInterfaceOrientations_iPad = "UIInterfaceOrientationPortrait UIInterfaceOrientationPortraitUpsideDown UIInterfaceOrientationLandscapeLeft UIInterfaceOrientationLandscapeRight";
				INFOPLIST_KEY_UISupportedInterfaceOrientations_iPhone = "UIInterfaceOrientationPortrait UIInterfaceOrientationLandscapeLeft UIInterfaceOrientationLandscapeRight";
				LD_RUNPATH_SEARCH_PATHS = (
					"$(inherited)",
					"@executable_path/Frameworks",
				);
				MARKETING_VERSION = 1.0;
				PRODUCT_BUNDLE_IDENTIFIER = "-.tasked";
				PRODUCT_NAME = "$(TARGET_NAME)";
				SWIFT_EMIT_LOC_STRINGS = YES;
				SWIFT_OBJC_BRIDGING_HEADER = "tasked/tasked-Bridging-Header.h";
				SWIFT_VERSION = 5.0;
				TARGETED_DEVICE_FAMILY = "1,2";
			};
			name = Release;
		};
		8596C93227CF9CBD0016B830 /* Debug */ = {
			isa = XCBuildConfiguration;
			buildSettings = {
				ALWAYS_EMBED_SWIFT_STANDARD_LIBRARIES = YES;
				BUNDLE_LOADER = "$(TEST_HOST)";
				CODE_SIGN_STYLE = Automatic;
				CURRENT_PROJECT_VERSION = 1;
				GENERATE_INFOPLIST_FILE = YES;
				IPHONEOS_DEPLOYMENT_TARGET = 15.2;
				MARKETING_VERSION = 1.0;
				PRODUCT_BUNDLE_IDENTIFIER = "-.taskedTests";
				PRODUCT_NAME = "$(TARGET_NAME)";
				SWIFT_EMIT_LOC_STRINGS = NO;
				SWIFT_VERSION = 5.0;
				TARGETED_DEVICE_FAMILY = "1,2";
				TEST_HOST = "$(BUILT_PRODUCTS_DIR)/tasked.app/tasked";
			};
			name = Debug;
		};
		8596C93327CF9CBD0016B830 /* Release */ = {
			isa = XCBuildConfiguration;
			buildSettings = {
				ALWAYS_EMBED_SWIFT_STANDARD_LIBRARIES = YES;
				BUNDLE_LOADER = "$(TEST_HOST)";
				CODE_SIGN_STYLE = Automatic;
				CURRENT_PROJECT_VERSION = 1;
				GENERATE_INFOPLIST_FILE = YES;
				IPHONEOS_DEPLOYMENT_TARGET = 15.2;
				MARKETING_VERSION = 1.0;
				PRODUCT_BUNDLE_IDENTIFIER = "-.taskedTests";
				PRODUCT_NAME = "$(TARGET_NAME)";
				SWIFT_EMIT_LOC_STRINGS = NO;
				SWIFT_VERSION = 5.0;
				TARGETED_DEVICE_FAMILY = "1,2";
				TEST_HOST = "$(BUILT_PRODUCTS_DIR)/tasked.app/tasked";
			};
			name = Release;
		};
		8596C93527CF9CBD0016B830 /* Debug */ = {
			isa = XCBuildConfiguration;
			buildSettings = {
				ALWAYS_EMBED_SWIFT_STANDARD_LIBRARIES = YES;
				CODE_SIGN_STYLE = Automatic;
				CURRENT_PROJECT_VERSION = 1;
				GENERATE_INFOPLIST_FILE = YES;
				MARKETING_VERSION = 1.0;
				PRODUCT_BUNDLE_IDENTIFIER = "-.taskedUITests";
				PRODUCT_NAME = "$(TARGET_NAME)";
				SWIFT_EMIT_LOC_STRINGS = NO;
				SWIFT_VERSION = 5.0;
				TARGETED_DEVICE_FAMILY = "1,2";
				TEST_TARGET_NAME = tasked;
			};
			name = Debug;
		};
		8596C93627CF9CBD0016B830 /* Release */ = {
			isa = XCBuildConfiguration;
			buildSettings = {
				ALWAYS_EMBED_SWIFT_STANDARD_LIBRARIES = YES;
				CODE_SIGN_STYLE = Automatic;
				CURRENT_PROJECT_VERSION = 1;
				GENERATE_INFOPLIST_FILE = YES;
				MARKETING_VERSION = 1.0;
				PRODUCT_BUNDLE_IDENTIFIER = "-.taskedUITests";
				PRODUCT_NAME = "$(TARGET_NAME)";
				SWIFT_EMIT_LOC_STRINGS = NO;
				SWIFT_VERSION = 5.0;
				TARGETED_DEVICE_FAMILY = "1,2";
				TEST_TARGET_NAME = tasked;
			};
			name = Release;
		};
/* End XCBuildConfiguration section */

/* Begin XCConfigurationList section */
		8596C90527CF9CB50016B830 /* Build configuration list for PBXProject "tasked-Bridging-Header.h" */ = {
			isa = XCConfigurationList;
			buildConfigurations = (
				8596C92C27CF9CBD0016B830 /* Debug */,
				8596C92D27CF9CBD0016B830 /* Release */,
			);
			defaultConfigurationIsVisible = 0;
			defaultConfigurationName = Release;
		};
		8596C92E27CF9CBD0016B830 /* Build configuration list for PBXNativeTarget "tasked" */ = {
			isa = XCConfigurationList;
			buildConfigurations = (
				8596C92F27CF9CBD0016B830 /* Debug */,
				8596C93027CF9CBD0016B830 /* Release */,
			);
			defaultConfigurationIsVisible = 0;
			defaultConfigurationName = Release;
		};
		8596C93127CF9CBD0016B830 /* Build configuration list for PBXNativeTarget "taskedTests" */ = {
			isa = XCConfigurationList;
			buildConfigurations = (
				8596C93227CF9CBD0016B830 /* Debug */,
				8596C93327CF9CBD0016B830 /* Release */,
			);
			defaultConfigurationIsVisible = 0;
			defaultConfigurationName = Release;
		};
		8596C93427CF9CBD0016B830 /* Build configuration list for PBXNativeTarget "taskedUITests" */ = {
			isa = XCConfigurationList;
			buildConfigurations = (
				8596C93527CF9CBD0016B830 /* Debug */,
				8596C93627CF9CBD0016B830 /* Release */,
			);
			defaultConfigurationIsVisible = 0;
			defaultConfigurationName = Release;
		};
/* End XCConfigurationList section */
	};
	rootObject = 8596C90227CF9CB50016B830 /* Project object */;
}
